// !$*UTF8*$!
{
	archiveVersion = 1;
	classes = {
	};
	objectVersion = 46;
	objects = {

/* Begin PBXBuildFile section */
		8B35EB011CE5DDC000514856 /* AppDelegate.swift in Sources */ = {isa = PBXBuildFile; fileRef = 8B35EB001CE5DDC000514856 /* AppDelegate.swift */; };
		8B35EB081CE5DDC000514856 /* Main.storyboard in Resources */ = {isa = PBXBuildFile; fileRef = 8B35EB061CE5DDC000514856 /* Main.storyboard */; };
		8B35EB0A1CE5DDC000514856 /* Assets.xcassets in Resources */ = {isa = PBXBuildFile; fileRef = 8B35EB091CE5DDC000514856 /* Assets.xcassets */; };
		8B35EB0D1CE5DDC000514856 /* LaunchScreen.storyboard in Resources */ = {isa = PBXBuildFile; fileRef = 8B35EB0B1CE5DDC000514856 /* LaunchScreen.storyboard */; };
		8B35EB401CE5E42F00514856 /* Site in Resources */ = {isa = PBXBuildFile; fileRef = 8B35EB3F1CE5E42F00514856 /* Site */; };
		8BC42BB21E348D5700937B06 /* Realm.framework in Frameworks */ = {isa = PBXBuildFile; fileRef = 8BC42BB01E348D5700937B06 /* Realm.framework */; };
		8BC42BB31E348D5700937B06 /* Realm.framework in Embed Frameworks */ = {isa = PBXBuildFile; fileRef = 8BC42BB01E348D5700937B06 /* Realm.framework */; settings = {ATTRIBUTES = (CodeSignOnCopy, RemoveHeadersOnCopy, ); }; };
		8BC42BB41E348D5700937B06 /* RealmSwift.framework in Frameworks */ = {isa = PBXBuildFile; fileRef = 8BC42BB11E348D5700937B06 /* RealmSwift.framework */; };
		8BC42BB51E348D5700937B06 /* RealmSwift.framework in Embed Frameworks */ = {isa = PBXBuildFile; fileRef = 8BC42BB11E348D5700937B06 /* RealmSwift.framework */; settings = {ATTRIBUTES = (CodeSignOnCopy, RemoveHeadersOnCopy, ); }; };
		8BC42BC21E348D8600937B06 /* Alamofire.framework in Frameworks */ = {isa = PBXBuildFile; fileRef = 8BC42BB71E348D8600937B06 /* Alamofire.framework */; };
		8BC42BC41E348D8600937B06 /* JASON.framework in Frameworks */ = {isa = PBXBuildFile; fileRef = 8BC42BB91E348D8600937B06 /* JASON.framework */; };
		8BC42BC51E348D8600937B06 /* Kingfisher.framework in Frameworks */ = {isa = PBXBuildFile; fileRef = 8BC42BBA1E348D8600937B06 /* Kingfisher.framework */; };
		8BC42BC61E348D8600937B06 /* PathKit.framework in Frameworks */ = {isa = PBXBuildFile; fileRef = 8BC42BBB1E348D8600937B06 /* PathKit.framework */; };
		8BC42BC71E348D8600937B06 /* RateLimit.framework in Frameworks */ = {isa = PBXBuildFile; fileRef = 8BC42BBC1E348D8600937B06 /* RateLimit.framework */; };
		8BC42BC81E348D8600937B06 /* Stencil.framework in Frameworks */ = {isa = PBXBuildFile; fileRef = 8BC42BBD1E348D8600937B06 /* Stencil.framework */; };
		8BC42BC91E348D8600937B06 /* SwiftyTimer.framework in Frameworks */ = {isa = PBXBuildFile; fileRef = 8BC42BBE1E348D8600937B06 /* SwiftyTimer.framework */; };
		8BC42BCA1E348D8600937B06 /* SwiftyUserDefaults.framework in Frameworks */ = {isa = PBXBuildFile; fileRef = 8BC42BBF1E348D8600937B06 /* SwiftyUserDefaults.framework */; };
		8BC42BCB1E348D8600937B06 /* Timepiece.framework in Frameworks */ = {isa = PBXBuildFile; fileRef = 8BC42BC01E348D8600937B06 /* Timepiece.framework */; };
		8BC42BCC1E348D8600937B06 /* ZamzamKit.framework in Frameworks */ = {isa = PBXBuildFile; fileRef = 8BC42BC11E348D8600937B06 /* ZamzamKit.framework */; };
		8BC42BCE1E34901300937B06 /* SwiftyPress.framework in Frameworks */ = {isa = PBXBuildFile; fileRef = 8BC42BCD1E34901300937B06 /* SwiftyPress.framework */; };
		8BC42BD01E34910F00937B06 /* Spectre.framework in Frameworks */ = {isa = PBXBuildFile; fileRef = 8BC42BCF1E34910F00937B06 /* Spectre.framework */; };
/* End PBXBuildFile section */

/* Begin PBXCopyFilesBuildPhase section */
		8BC42BB61E348D5700937B06 /* Embed Frameworks */ = {
			isa = PBXCopyFilesBuildPhase;
			buildActionMask = 2147483647;
			dstPath = "";
			dstSubfolderSpec = 10;
			files = (
				8BC42BB51E348D5700937B06 /* RealmSwift.framework in Embed Frameworks */,
				8BC42BB31E348D5700937B06 /* Realm.framework in Embed Frameworks */,
			);
			name = "Embed Frameworks";
			runOnlyForDeploymentPostprocessing = 0;
		};
/* End PBXCopyFilesBuildPhase section */

/* Begin PBXFileReference section */
		8B35EAFD1CE5DDC000514856 /* Basem Emara.app */ = {isa = PBXFileReference; explicitFileType = wrapper.application; includeInIndex = 0; path = "Basem Emara.app"; sourceTree = BUILT_PRODUCTS_DIR; };
		8B35EB001CE5DDC000514856 /* AppDelegate.swift */ = {isa = PBXFileReference; lastKnownFileType = sourcecode.swift; path = AppDelegate.swift; sourceTree = "<group>"; };
		8B35EB071CE5DDC000514856 /* Base */ = {isa = PBXFileReference; lastKnownFileType = file.storyboard; name = Base; path = Base.lproj/Main.storyboard; sourceTree = "<group>"; };
		8B35EB091CE5DDC000514856 /* Assets.xcassets */ = {isa = PBXFileReference; lastKnownFileType = folder.assetcatalog; path = Assets.xcassets; sourceTree = "<group>"; };
		8B35EB0C1CE5DDC000514856 /* Base */ = {isa = PBXFileReference; lastKnownFileType = file.storyboard; name = Base; path = Base.lproj/LaunchScreen.storyboard; sourceTree = "<group>"; };
		8B35EB0E1CE5DDC000514856 /* Info.plist */ = {isa = PBXFileReference; lastKnownFileType = text.plist.xml; name = Info.plist; path = "Basem Emara/Info.plist"; sourceTree = "<group>"; };
		8B35EB151CE5DF1500514856 /* Basem Emara.entitlements */ = {isa = PBXFileReference; lastKnownFileType = text.xml; name = "Basem Emara.entitlements"; path = "Basem Emara/Basem Emara.entitlements"; sourceTree = "<group>"; };
		8B35EB3F1CE5E42F00514856 /* Site */ = {isa = PBXFileReference; lastKnownFileType = folder; path = Site; sourceTree = "<group>"; };
		8BC42BB01E348D5700937B06 /* Realm.framework */ = {isa = PBXFileReference; lastKnownFileType = wrapper.framework; name = Realm.framework; path = "Carthage/Checkouts/SwiftyPress/Frameworks/realm-swift/ios/Realm.framework"; sourceTree = "<group>"; };
		8BC42BB11E348D5700937B06 /* RealmSwift.framework */ = {isa = PBXFileReference; lastKnownFileType = wrapper.framework; name = RealmSwift.framework; path = "Carthage/Checkouts/SwiftyPress/Frameworks/realm-swift/ios/RealmSwift.framework"; sourceTree = "<group>"; };
		8BC42BB71E348D8600937B06 /* Alamofire.framework */ = {isa = PBXFileReference; lastKnownFileType = wrapper.framework; name = Alamofire.framework; path = Carthage/Build/iOS/Alamofire.framework; sourceTree = "<group>"; };
		8BC42BB81E348D8600937B06 /* Async.framework */ = {isa = PBXFileReference; lastKnownFileType = wrapper.framework; name = Async.framework; path = Carthage/Build/iOS/Async.framework; sourceTree = "<group>"; };
		8BC42BB91E348D8600937B06 /* JASON.framework */ = {isa = PBXFileReference; lastKnownFileType = wrapper.framework; name = JASON.framework; path = Carthage/Build/iOS/JASON.framework; sourceTree = "<group>"; };
		8BC42BBA1E348D8600937B06 /* Kingfisher.framework */ = {isa = PBXFileReference; lastKnownFileType = wrapper.framework; name = Kingfisher.framework; path = Carthage/Build/iOS/Kingfisher.framework; sourceTree = "<group>"; };
		8BC42BBB1E348D8600937B06 /* PathKit.framework */ = {isa = PBXFileReference; lastKnownFileType = wrapper.framework; name = PathKit.framework; path = Carthage/Build/iOS/PathKit.framework; sourceTree = "<group>"; };
		8BC42BBC1E348D8600937B06 /* RateLimit.framework */ = {isa = PBXFileReference; lastKnownFileType = wrapper.framework; name = RateLimit.framework; path = Carthage/Build/iOS/RateLimit.framework; sourceTree = "<group>"; };
		8BC42BBD1E348D8600937B06 /* Stencil.framework */ = {isa = PBXFileReference; lastKnownFileType = wrapper.framework; name = Stencil.framework; path = Carthage/Build/iOS/Stencil.framework; sourceTree = "<group>"; };
		8BC42BBE1E348D8600937B06 /* SwiftyTimer.framework */ = {isa = PBXFileReference; lastKnownFileType = wrapper.framework; name = SwiftyTimer.framework; path = Carthage/Build/iOS/SwiftyTimer.framework; sourceTree = "<group>"; };
		8BC42BBF1E348D8600937B06 /* SwiftyUserDefaults.framework */ = {isa = PBXFileReference; lastKnownFileType = wrapper.framework; name = SwiftyUserDefaults.framework; path = Carthage/Build/iOS/SwiftyUserDefaults.framework; sourceTree = "<group>"; };
		8BC42BC01E348D8600937B06 /* Timepiece.framework */ = {isa = PBXFileReference; lastKnownFileType = wrapper.framework; name = Timepiece.framework; path = Carthage/Build/iOS/Timepiece.framework; sourceTree = "<group>"; };
		8BC42BC11E348D8600937B06 /* ZamzamKit.framework */ = {isa = PBXFileReference; lastKnownFileType = wrapper.framework; name = ZamzamKit.framework; path = Carthage/Build/iOS/ZamzamKit.framework; sourceTree = "<group>"; };
		8BC42BCD1E34901300937B06 /* SwiftyPress.framework */ = {isa = PBXFileReference; lastKnownFileType = wrapper.framework; name = SwiftyPress.framework; path = Carthage/Build/iOS/SwiftyPress.framework; sourceTree = "<group>"; };
		8BC42BCF1E34910F00937B06 /* Spectre.framework */ = {isa = PBXFileReference; lastKnownFileType = wrapper.framework; name = Spectre.framework; path = Carthage/Build/iOS/Spectre.framework; sourceTree = "<group>"; };
/* End PBXFileReference section */

/* Begin PBXFrameworksBuildPhase section */
		8B35EAFA1CE5DDC000514856 /* Frameworks */ = {
			isa = PBXFrameworksBuildPhase;
			buildActionMask = 2147483647;
			files = (
				8BC42BCE1E34901300937B06 /* SwiftyPress.framework in Frameworks */,
				8BC42BC21E348D8600937B06 /* Alamofire.framework in Frameworks */,
				8BC42BC41E348D8600937B06 /* JASON.framework in Frameworks */,
				8BC42BC51E348D8600937B06 /* Kingfisher.framework in Frameworks */,
				8BC42BC61E348D8600937B06 /* PathKit.framework in Frameworks */,
				8BC42BD01E34910F00937B06 /* Spectre.framework in Frameworks */,
				8BC42BC71E348D8600937B06 /* RateLimit.framework in Frameworks */,
				8BC42BC81E348D8600937B06 /* Stencil.framework in Frameworks */,
				8BC42BC91E348D8600937B06 /* SwiftyTimer.framework in Frameworks */,
				8BC42BCA1E348D8600937B06 /* SwiftyUserDefaults.framework in Frameworks */,
				8BC42BCB1E348D8600937B06 /* Timepiece.framework in Frameworks */,
				8BC42BCC1E348D8600937B06 /* ZamzamKit.framework in Frameworks */,
				8BC42BB41E348D5700937B06 /* RealmSwift.framework in Frameworks */,
				8BC42BB21E348D5700937B06 /* Realm.framework in Frameworks */,
			);
			runOnlyForDeploymentPostprocessing = 0;
		};
/* End PBXFrameworksBuildPhase section */

/* Begin PBXGroup section */
		8B35EAF41CE5DDC000514856 = {
			isa = PBXGroup;
			children = (
				8B35EAFF1CE5DDC000514856 /* Basem Emara */,
				8B35EB351CE5E28000514856 /* Frameworks */,
				8B35EAFE1CE5DDC000514856 /* Products */,
			);
			sourceTree = "<group>";
		};
		8B35EAFE1CE5DDC000514856 /* Products */ = {
			isa = PBXGroup;
			children = (
				8B35EAFD1CE5DDC000514856 /* Basem Emara.app */,
			);
			name = Products;
			sourceTree = "<group>";
		};
		8B35EAFF1CE5DDC000514856 /* Basem Emara */ = {
			isa = PBXGroup;
			children = (
				8B35EB3F1CE5E42F00514856 /* Site */,
				8B35EB001CE5DDC000514856 /* AppDelegate.swift */,
				8B35EB061CE5DDC000514856 /* Main.storyboard */,
				8B35EB0B1CE5DDC000514856 /* LaunchScreen.storyboard */,
				8B35EB091CE5DDC000514856 /* Assets.xcassets */,
				8B35EB141CE5DE6B00514856 /* Supporting Files */,
			);
			path = "Basem Emara";
			sourceTree = "<group>";
		};
		8B35EB141CE5DE6B00514856 /* Supporting Files */ = {
			isa = PBXGroup;
			children = (
				8B35EB0E1CE5DDC000514856 /* Info.plist */,
				8B35EB151CE5DF1500514856 /* Basem Emara.entitlements */,
			);
			name = "Supporting Files";
			path = ..;
			sourceTree = "<group>";
		};
		8B35EB351CE5E28000514856 /* Frameworks */ = {
			isa = PBXGroup;
			children = (
				8BC42BCF1E34910F00937B06 /* Spectre.framework */,
				8BC42BCD1E34901300937B06 /* SwiftyPress.framework */,
				8BC42BB71E348D8600937B06 /* Alamofire.framework */,
				8BC42BB81E348D8600937B06 /* Async.framework */,
				8BC42BB91E348D8600937B06 /* JASON.framework */,
				8BC42BBA1E348D8600937B06 /* Kingfisher.framework */,
				8BC42BBB1E348D8600937B06 /* PathKit.framework */,
				8BC42BBC1E348D8600937B06 /* RateLimit.framework */,
				8BC42BBD1E348D8600937B06 /* Stencil.framework */,
				8BC42BBE1E348D8600937B06 /* SwiftyTimer.framework */,
				8BC42BBF1E348D8600937B06 /* SwiftyUserDefaults.framework */,
				8BC42BC01E348D8600937B06 /* Timepiece.framework */,
				8BC42BC11E348D8600937B06 /* ZamzamKit.framework */,
				8BC42BB01E348D5700937B06 /* Realm.framework */,
				8BC42BB11E348D5700937B06 /* RealmSwift.framework */,
			);
			name = Frameworks;
			sourceTree = "<group>";
		};
/* End PBXGroup section */

/* Begin PBXNativeTarget section */
		8B35EAFC1CE5DDC000514856 /* Basem Emara */ = {
			isa = PBXNativeTarget;
			buildConfigurationList = 8B35EB111CE5DDC000514856 /* Build configuration list for PBXNativeTarget "Basem Emara" */;
			buildPhases = (
				8B35EAF91CE5DDC000514856 /* Sources */,
				8B35EAFA1CE5DDC000514856 /* Frameworks */,
				8B35EAFB1CE5DDC000514856 /* Resources */,
				8BC42BB61E348D5700937B06 /* Embed Frameworks */,
				8B35EB361CE5E2C900514856 /* Run Carthage Script */,
				8B35EB371CE5E36F00514856 /* Run Realm Script */,
			);
			buildRules = (
			);
			dependencies = (
			);
			name = "Basem Emara";
			productName = "Basem Emara";
			productReference = 8B35EAFD1CE5DDC000514856 /* Basem Emara.app */;
			productType = "com.apple.product-type.application";
		};
/* End PBXNativeTarget section */

/* Begin PBXProject section */
		8B35EAF51CE5DDC000514856 /* Project object */ = {
			isa = PBXProject;
			attributes = {
				LastSwiftUpdateCheck = 0730;
				LastUpgradeCheck = 0820;
				ORGANIZATIONNAME = "Zamzam Inc.";
				TargetAttributes = {
					8B35EAFC1CE5DDC000514856 = {
						CreatedOnToolsVersion = 7.3.1;
						DevelopmentTeam = ZYJTUJP7C7;
						LastSwiftMigration = 0820;
						SystemCapabilities = {
							com.apple.ApplicationGroups.iOS = {
								enabled = 1;
							};
							com.apple.SafariKeychain = {
								enabled = 1;
							};
						};
					};
				};
			};
			buildConfigurationList = 8B35EAF81CE5DDC000514856 /* Build configuration list for PBXProject "Basem Emara" */;
			compatibilityVersion = "Xcode 3.2";
			developmentRegion = English;
			hasScannedForEncodings = 0;
			knownRegions = (
				en,
				Base,
			);
			mainGroup = 8B35EAF41CE5DDC000514856;
			productRefGroup = 8B35EAFE1CE5DDC000514856 /* Products */;
			projectDirPath = "";
			projectRoot = "";
			targets = (
				8B35EAFC1CE5DDC000514856 /* Basem Emara */,
			);
		};
/* End PBXProject section */

/* Begin PBXResourcesBuildPhase section */
		8B35EAFB1CE5DDC000514856 /* Resources */ = {
			isa = PBXResourcesBuildPhase;
			buildActionMask = 2147483647;
			files = (
				8B35EB0D1CE5DDC000514856 /* LaunchScreen.storyboard in Resources */,
				8B35EB401CE5E42F00514856 /* Site in Resources */,
				8B35EB0A1CE5DDC000514856 /* Assets.xcassets in Resources */,
				8B35EB081CE5DDC000514856 /* Main.storyboard in Resources */,
			);
			runOnlyForDeploymentPostprocessing = 0;
		};
/* End PBXResourcesBuildPhase section */

/* Begin PBXShellScriptBuildPhase section */
		8B35EB361CE5E2C900514856 /* Run Carthage Script */ = {
			isa = PBXShellScriptBuildPhase;
			buildActionMask = 2147483647;
			files = (
			);
			inputPaths = (
				"$(SRCROOT)/Carthage/Build/iOS/Alamofire.framework",
				"$(SRCROOT)/Carthage/Build/iOS/JASON.framework",
				"$(SRCROOT)/Carthage/Build/iOS/Kingfisher.framework",
				"$(SRCROOT)/Carthage/Build/iOS/PathKit.framework",
				"$(SRCROOT)/Carthage/Build/iOS/RateLimit.framework",
				"$(SRCROOT)/Carthage/Build/iOS/Stencil.framework",
				"$(SRCROOT)/Carthage/Build/iOS/SwiftyTimer.framework",
				"$(SRCROOT)/Carthage/Build/iOS/SwiftyUserDefaults.framework",
				"$(SRCROOT)/Carthage/Build/iOS/Timepiece.framework",
				"$(SRCROOT)/Carthage/Build/iOS/ZamzamKit.framework",
				"$(SRCROOT)/Carthage/Build/iOS/SwiftyPress.framework",
				"$(SRCROOT)/Carthage/Build/iOS/Spectre.framework",
			);
			name = "Run Carthage Script";
			outputPaths = (
			);
			runOnlyForDeploymentPostprocessing = 0;
			shellPath = /bin/sh;
			shellScript = "/usr/local/bin/carthage copy-frameworks";
		};
		8B35EB371CE5E36F00514856 /* Run Realm Script */ = {
			isa = PBXShellScriptBuildPhase;
			buildActionMask = 2147483647;
			files = (
			);
			inputPaths = (
			);
			name = "Run Realm Script";
			outputPaths = (
			);
			runOnlyForDeploymentPostprocessing = 0;
			shellPath = /bin/sh;
			shellScript = "bash \"${BUILT_PRODUCTS_DIR}/${FRAMEWORKS_FOLDER_PATH}/Realm.framework/strip-frameworks.sh\"";
		};
/* End PBXShellScriptBuildPhase section */

/* Begin PBXSourcesBuildPhase section */
		8B35EAF91CE5DDC000514856 /* Sources */ = {
			isa = PBXSourcesBuildPhase;
			buildActionMask = 2147483647;
			files = (
				8B35EB011CE5DDC000514856 /* AppDelegate.swift in Sources */,
			);
			runOnlyForDeploymentPostprocessing = 0;
		};
/* End PBXSourcesBuildPhase section */

/* Begin PBXVariantGroup section */
		8B35EB061CE5DDC000514856 /* Main.storyboard */ = {
			isa = PBXVariantGroup;
			children = (
				8B35EB071CE5DDC000514856 /* Base */,
			);
			name = Main.storyboard;
			sourceTree = "<group>";
		};
		8B35EB0B1CE5DDC000514856 /* LaunchScreen.storyboard */ = {
			isa = PBXVariantGroup;
			children = (
				8B35EB0C1CE5DDC000514856 /* Base */,
			);
			name = LaunchScreen.storyboard;
			sourceTree = "<group>";
		};
/* End PBXVariantGroup section */

/* Begin XCBuildConfiguration section */
		8B35EB0F1CE5DDC000514856 /* Debug */ = {
			isa = XCBuildConfiguration;
			buildSettings = {
				ALWAYS_SEARCH_USER_PATHS = NO;
				CLANG_ANALYZER_NONNULL = YES;
				CLANG_CXX_LANGUAGE_STANDARD = "gnu++0x";
				CLANG_CXX_LIBRARY = "libc++";
				CLANG_ENABLE_MODULES = YES;
				CLANG_ENABLE_OBJC_ARC = YES;
				CLANG_WARN_BOOL_CONVERSION = YES;
				CLANG_WARN_CONSTANT_CONVERSION = YES;
				CLANG_WARN_DIRECT_OBJC_ISA_USAGE = YES_ERROR;
				CLANG_WARN_EMPTY_BODY = YES;
				CLANG_WARN_ENUM_CONVERSION = YES;
				CLANG_WARN_INFINITE_RECURSION = YES;
				CLANG_WARN_INT_CONVERSION = YES;
				CLANG_WARN_OBJC_ROOT_CLASS = YES_ERROR;
				CLANG_WARN_SUSPICIOUS_MOVE = YES;
				CLANG_WARN_UNREACHABLE_CODE = YES;
				CLANG_WARN__DUPLICATE_METHOD_MATCH = YES;
				CODE_SIGN_IDENTITY = "iPhone Distribution: Zamzam Inc. (ZYJTUJP7C7)";
				COPY_PHASE_STRIP = NO;
				DEBUG_INFORMATION_FORMAT = dwarf;
				ENABLE_STRICT_OBJC_MSGSEND = YES;
				ENABLE_TESTABILITY = YES;
				GCC_C_LANGUAGE_STANDARD = gnu99;
				GCC_DYNAMIC_NO_PIC = NO;
				GCC_NO_COMMON_BLOCKS = YES;
				GCC_OPTIMIZATION_LEVEL = 0;
				GCC_PREPROCESSOR_DEFINITIONS = (
					"DEBUG=1",
					"$(inherited)",
				);
				GCC_WARN_64_TO_32_BIT_CONVERSION = YES;
				GCC_WARN_ABOUT_RETURN_TYPE = YES_ERROR;
				GCC_WARN_UNDECLARED_SELECTOR = YES;
				GCC_WARN_UNINITIALIZED_AUTOS = YES_AGGRESSIVE;
				GCC_WARN_UNUSED_FUNCTION = YES;
				GCC_WARN_UNUSED_VARIABLE = YES;
				IPHONEOS_DEPLOYMENT_TARGET = 10.0;
				MTL_ENABLE_DEBUG_INFO = YES;
				ONLY_ACTIVE_ARCH = YES;
				PROVISIONING_PROFILE = "56c8e4e4-46c5-4d97-9627-7d86563ecda0";
				SDKROOT = iphoneos;
				SWIFT_OPTIMIZATION_LEVEL = "-Onone";
				TARGETED_DEVICE_FAMILY = "1,2";
			};
			name = Debug;
		};
		8B35EB101CE5DDC000514856 /* Release */ = {
			isa = XCBuildConfiguration;
			buildSettings = {
				ALWAYS_SEARCH_USER_PATHS = NO;
				CLANG_ANALYZER_NONNULL = YES;
				CLANG_CXX_LANGUAGE_STANDARD = "gnu++0x";
				CLANG_CXX_LIBRARY = "libc++";
				CLANG_ENABLE_MODULES = YES;
				CLANG_ENABLE_OBJC_ARC = YES;
				CLANG_WARN_BOOL_CONVERSION = YES;
				CLANG_WARN_CONSTANT_CONVERSION = YES;
				CLANG_WARN_DIRECT_OBJC_ISA_USAGE = YES_ERROR;
				CLANG_WARN_EMPTY_BODY = YES;
				CLANG_WARN_ENUM_CONVERSION = YES;
				CLANG_WARN_INFINITE_RECURSION = YES;
				CLANG_WARN_INT_CONVERSION = YES;
				CLANG_WARN_OBJC_ROOT_CLASS = YES_ERROR;
				CLANG_WARN_SUSPICIOUS_MOVE = YES;
				CLANG_WARN_UNREACHABLE_CODE = YES;
				CLANG_WARN__DUPLICATE_METHOD_MATCH = YES;
				CODE_SIGN_IDENTITY = "iPhone Distribution: Zamzam Inc. (ZYJTUJP7C7)";
				COPY_PHASE_STRIP = NO;
				DEBUG_INFORMATION_FORMAT = "dwarf-with-dsym";
				ENABLE_NS_ASSERTIONS = NO;
				ENABLE_STRICT_OBJC_MSGSEND = YES;
				GCC_C_LANGUAGE_STANDARD = gnu99;
				GCC_NO_COMMON_BLOCKS = YES;
				GCC_WARN_64_TO_32_BIT_CONVERSION = YES;
				GCC_WARN_ABOUT_RETURN_TYPE = YES_ERROR;
				GCC_WARN_UNDECLARED_SELECTOR = YES;
				GCC_WARN_UNINITIALIZED_AUTOS = YES_AGGRESSIVE;
				GCC_WARN_UNUSED_FUNCTION = YES;
				GCC_WARN_UNUSED_VARIABLE = YES;
				IPHONEOS_DEPLOYMENT_TARGET = 10.0;
				MTL_ENABLE_DEBUG_INFO = NO;
				PROVISIONING_PROFILE = "56c8e4e4-46c5-4d97-9627-7d86563ecda0";
				SDKROOT = iphoneos;
				SWIFT_OPTIMIZATION_LEVEL = "-Owholemodule";
				TARGETED_DEVICE_FAMILY = "1,2";
				VALIDATE_PRODUCT = YES;
			};
			name = Release;
		};
		8B35EB121CE5DDC000514856 /* Debug */ = {
			isa = XCBuildConfiguration;
			buildSettings = {
				ASSETCATALOG_COMPILER_APPICON_NAME = AppIcon;
				CODE_SIGN_ENTITLEMENTS = "Basem Emara/Basem Emara.entitlements";
				CODE_SIGN_IDENTITY = "iPhone Developer";
				"CODE_SIGN_IDENTITY[sdk=iphoneos*]" = "iPhone Developer";
				DEBUG_INFORMATION_FORMAT = "dwarf-with-dsym";
				FRAMEWORK_SEARCH_PATHS = (
					"$(inherited)",
					"$(PROJECT_DIR)/Carthage/Build/iOS",
					"$(PROJECT_DIR)/Carthage/Checkouts/SwiftyPress/Frameworks/realm-swift/ios",
					"$(PROJECT_DIR)",
					"$(PROJECT_DIR)/Frameworks/SwiftPress",
				);
				INFOPLIST_FILE = "Basem Emara/Info.plist";
				LD_RUNPATH_SEARCH_PATHS = "$(inherited) @executable_path/Frameworks";
				PRODUCT_BUNDLE_IDENTIFIER = "io.zamzam.Basem-Emara";
				PRODUCT_NAME = "$(TARGET_NAME)";
				PROVISIONING_PROFILE = "";
				SWIFT_VERSION = 3.0;
			};
			name = Debug;
		};
		8B35EB131CE5DDC000514856 /* Release */ = {
			isa = XCBuildConfiguration;
			buildSettings = {
				ASSETCATALOG_COMPILER_APPICON_NAME = AppIcon;
				CODE_SIGN_ENTITLEMENTS = "Basem Emara/Basem Emara.entitlements";
				CODE_SIGN_IDENTITY = "iPhone Developer";
				"CODE_SIGN_IDENTITY[sdk=iphoneos*]" = "iPhone Developer";
				FRAMEWORK_SEARCH_PATHS = (
					"$(inherited)",
					"$(PROJECT_DIR)/Carthage/Build/iOS",
					"$(PROJECT_DIR)/Carthage/Checkouts/SwiftyPress/Frameworks/realm-swift/ios",
					"$(PROJECT_DIR)",
					"$(PROJECT_DIR)/Frameworks/SwiftPress",
				);
				INFOPLIST_FILE = "Basem Emara/Info.plist";
				LD_RUNPATH_SEARCH_PATHS = "$(inherited) @executable_path/Frameworks";
				PRODUCT_BUNDLE_IDENTIFIER = "io.zamzam.Basem-Emara";
				PRODUCT_NAME = "$(TARGET_NAME)";
				PROVISIONING_PROFILE = "";
				SWIFT_VERSION = 3.0;
			};
			name = Release;
		};
/* End XCBuildConfiguration section */

/* Begin XCConfigurationList section */
		8B35EAF81CE5DDC000514856 /* Build configuration list for PBXProject "Basem Emara" */ = {
			isa = XCConfigurationList;
			buildConfigurations = (
				8B35EB0F1CE5DDC000514856 /* Debug */,
				8B35EB101CE5DDC000514856 /* Release */,
			);
			defaultConfigurationIsVisible = 0;
			defaultConfigurationName = Release;
		};
		8B35EB111CE5DDC000514856 /* Build configuration list for PBXNativeTarget "Basem Emara" */ = {
			isa = XCConfigurationList;
			buildConfigurations = (
				8B35EB121CE5DDC000514856 /* Debug */,
				8B35EB131CE5DDC000514856 /* Release */,
			);
			defaultConfigurationIsVisible = 0;
			defaultConfigurationName = Release;
		};
/* End XCConfigurationList section */
	};
	rootObject = 8B35EAF51CE5DDC000514856 /* Project object */;
}
