{
  "object": {
    "pins": [
      {
        "package": "Alamofire",
        "repositoryURL": "git@github.com:Alamofire/Alamofire.git",
        "state": {
          "branch": null,
          "revision": "2cbf59935fbb1f26e352ce4db53f1cf9408d5313",
          "version": "5.0.0-rc.3"
        }
      },
      {
        "package": "Kingfisher",
        "repositoryURL": "git@github.com:onevcat/Kingfisher.git",
        "state": {
          "branch": null,
          "revision": "3f0200463a2c747f985fa32845e7b70b0172474c",
          "version": "5.9.0"
        }
      },
      {
        "package": "Realm",
        "repositoryURL": "git@github.com:realm/realm-cocoa.git",
        "state": {
          "branch": null,
          "revision": "40732f2ec0cdc32d9d3df8219b2e655deb3077f1",
          "version": "3.21.0"
        }
      },
      {
        "package": "RealmCore",
        "repositoryURL": "https://github.com/realm/realm-core",
        "state": {
          "branch": null,
          "revision": "512dfaa4f59930e193c92e00ba1924bde69b19de",
          "version": "5.23.5"
        }
      },
      {
        "package": "Stencil",
        "repositoryURL": "git@github.com:ZamzamInc/Stencil.git",
        "state": {
          "branch": "lite",
          "revision": "2ad923ba172ace3c38a3995eedbec03e322c828b",
          "version": null
        }
      },
      {
        "package": "ZamzamKit",
        "repositoryURL": "git@github.com:ZamzamInc/ZamzamKit.git",
        "state": {
          "branch": null,
          "revision": "1dbe4ef76169f2bd6bbadbbe58465fcfcb2c04a2",
          "version": "5.1.9"
        }
      }
    ]
  },
  "version": 1
}
