{
  "object": {
    "pins": [
      {
        "package": "Alamofire",
        "repositoryURL": "git@github.com:Alamofire/Alamofire.git",
        "state": {
          "branch": null,
          "revision": "2cbf59935fbb1f26e352ce4db53f1cf9408d5313",
          "version": "5.0.0-rc.3"
        }
      },
      {
        "package": "Kingfisher",
        "repositoryURL": "git@github.com:onevcat/Kingfisher.git",
        "state": {
          "branch": null,
          "revision": "d5e9aa41e5cc74a0f81801148e5ac1985d67b6ba",
          "version": "5.11.0"
        }
      },
      {
        "package": "Realm",
        "repositoryURL": "git@github.com:realm/realm-cocoa.git",
        "state": {
          "branch": null,
          "revision": "40732f2ec0cdc32d9d3df8219b2e655deb3077f1",
          "version": "3.21.0"
        }
      },
      {
        "package": "RealmCore",
        "repositoryURL": "https://github.com/realm/realm-core",
        "state": {
          "branch": null,
          "revision": "512dfaa4f59930e193c92e00ba1924bde69b19de",
          "version": "5.23.5"
        }
      },
      {
        "package": "Stencil",
        "repositoryURL": "git@github.com:ZamzamInc/Stencil.git",
        "state": {
          "branch": "lite",
          "revision": "2ad923ba172ace3c38a3995eedbec03e322c828b",
          "version": null
        }
      },
      {
        "package": "SwiftyPress",
        "repositoryURL": "git@github.com:ZamzamInc/SwiftyPress.git",
        "state": {
          "branch": "develop",
          "revision": "562fada2d65b30bfafa30c60cbc388767b1c8113",
          "version": null
        }
      },
      {
        "package": "ZamzamKit",
        "repositoryURL": "git@github.com:ZamzamInc/ZamzamKit.git",
        "state": {
          "branch": "develop",
          "revision": "ba6a60abb6f88f2cf8536627b3ca68b87498a149",
          "version": null
        }
      }
    ]
  },
  "version": 1
}
