{
  "object": {
    "pins": [
      {
        "package": "Kingfisher",
        "repositoryURL": "git@github.com:onevcat/Kingfisher.git",
        "state": {
          "branch": null,
          "revision": "16e6ec9b42263adf6bdaa6ddb7716bd5236d7b63",
          "version": null
        }
      },
      {
        "package": "Realm",
        "repositoryURL": "git@github.com:realm/realm-cocoa.git",
        "state": {
          "branch": null,
          "revision": "07734d6ee4b49b5656c51dab51c20a2d59b9de45",
          "version": "4.4.0"
        }
      },
      {
        "package": "RealmCore",
        "repositoryURL": "https://github.com/realm/realm-core",
        "state": {
          "branch": null,
          "revision": "35662ff940e340bf630ad1d1d88acfc7af18bee6",
          "version": "5.23.8"
        }
      },
      {
        "package": "Stencil",
        "repositoryURL": "git@github.com:ZamzamInc/Stencil.git",
        "state": {
          "branch": null,
          "revision": "2ad923ba172ace3c38a3995eedbec03e322c828b",
          "version": "0.13.2"
        }
      },
      {
        "package": "SwiftyPress",
        "repositoryURL": "https://github.com/ZamzamInc/SwiftyPress.git",
        "state": {
          "branch": null,
          "revision": "1f633778e241121ea9b0632d450ffc449f50c528",
          "version": null
        }
      },
      {
        "package": "ZamzamKit",
        "repositoryURL": "git@github.com:ZamzamInc/ZamzamKit.git",
        "state": {
          "branch": null,
          "revision": "fce9eb6bf48c721118a6aab3f16c925af6a7ed4b",
          "version": "5.3.2"
        }
      }
    ]
  },
  "version": 1
}
