{
  "object": {
    "pins": [
      {
        "package": "Kingfisher",
        "repositoryURL": "git@github.com:onevcat/Kingfisher.git",
        "state": {
          "branch": null,
          "revision": "349ed06467a6f8a4939bcb83db301542bc84eac9",
          "version": "5.13.4"
        }
      },
      {
        "package": "Realm",
        "repositoryURL": "git@github.com:realm/realm-cocoa.git",
        "state": {
          "branch": null,
          "revision": "fa43b8e2909334c79f233ce472332c136ca108da",
          "version": "4.4.1"
        }
      },
      {
        "package": "RealmCore",
        "repositoryURL": "https://github.com/realm/realm-core",
        "state": {
          "branch": null,
          "revision": "35662ff940e340bf630ad1d1d88acfc7af18bee6",
          "version": "5.23.8"
        }
      },
      {
        "package": "Stencil",
        "repositoryURL": "git@github.com:ZamzamInc/Stencil.git",
        "state": {
          "branch": null,
          "revision": "2ad923ba172ace3c38a3995eedbec03e322c828b",
          "version": "0.13.2"
        }
      },
      {
        "package": "SwiftyPress",
        "repositoryURL": "https://github.com/ZamzamInc/SwiftyPress.git",
        "state": {
          "branch": "master",
          "revision": "92b53319c479c5d60351f8e720deb6fba1a330e9",
          "version": null
        }
      },
      {
        "package": "ZamzamKit",
        "repositoryURL": "git@github.com:ZamzamInc/ZamzamKit.git",
        "state": {
          "branch": "master",
          "revision": "113b6ba03fca6fb7b524c3a7aa053f7d22652ff6",
          "version": null
        }
      }
    ]
  },
  "version": 1
}
